[[package]]
name = "agate"
version = "1.7.1"
description = "A data analysis library that is optimized for humans instead of machines."
category = "main"
optional = false
python-versions = "*"

[package.dependencies]
Babel = ">=2.0"
isodate = ">=0.5.4"
leather = ">=0.3.2"
parsedatetime = ">=2.1,<2.5 || >2.5"
python-slugify = ">=1.2.1"
pytimeparse = ">=1.1.5"

[package.extras]
docs = ["Sphinx (>=1.2.2)", "sphinx-rtd-theme (>=0.1.6)"]
test = ["coverage (>=3.7.1)", "cssselect (>=0.9.1)", "lxml (>=3.6.0)", "pytest", "pytest-cov", "pytz (>=2015.4)", "PyICU (>=2.4.2)"]

[[package]]
name = "annotated-types"
version = "0.6.0"
description = "Reusable constraint types to use with typing.Annotated"
category = "main"
optional = false
python-versions = ">=3.8"

[[package]]
name = "asn1crypto"
version = "1.5.1"
description = "Fast ASN.1 parser and serializer with definitions for private keys, public keys, certificates, CRL, OCSP, CMS, PKCS#3, PKCS#7, PKCS#8, PKCS#12, PKCS#5, X.509 and TSP"
category = "main"
optional = false
python-versions = "*"

[[package]]
name = "attrs"
version = "23.2.0"
description = "Classes Without Boilerplate"
category = "main"
optional = false
python-versions = ">=3.7"

[package.extras]
cov = ["attrs", "coverage[toml] (>=5.3)"]
dev = ["attrs", "pre-commit"]
docs = ["furo", "myst-parser", "sphinx", "sphinx-notfound-page", "sphinxcontrib-towncrier", "towncrier", "zope-interface"]
tests = ["attrs", "zope-interface"]
tests-mypy = ["mypy (>=1.6)", "pytest-mypy-plugins"]
tests-no-zope = ["attrs", "cloudpickle", "hypothesis", "pympler", "pytest-xdist", "pytest (>=4.3.0)"]

[[package]]
name = "babel"
version = "2.14.0"
description = "Internationalization utilities"
category = "main"
optional = false
python-versions = ">=3.7"

[package.extras]
dev = ["pytest (>=6.0)", "pytest-cov", "freezegun (>=1.0,<2.0)"]

[[package]]
name = "certifi"
version = "2024.2.2"
description = "Python package for providing Mozilla's CA Bundle."
category = "main"
optional = false
python-versions = ">=3.6"

[[package]]
name = "cffi"
version = "1.16.0"
description = "Foreign Function Interface for Python calling C code."
category = "main"
optional = false
python-versions = ">=3.8"

[package.dependencies]
pycparser = "*"

[[package]]
name = "charset-normalizer"
version = "3.3.2"
description = "The Real First Universal Charset Detector. Open, modern and actively maintained alternative to Chardet."
category = "main"
optional = false
python-versions = ">=3.7.0"

[[package]]
name = "click"
version = "8.1.7"
description = "Composable command line interface toolkit"
category = "main"
optional = false
python-versions = ">=3.7"

[package.dependencies]
colorama = {version = "*", markers = "platform_system == \"Windows\""}

[[package]]
name = "colorama"
version = "0.4.6"
description = "Cross-platform colored terminal text."
category = "main"
optional = false
python-versions = "!=3.0.*,!=3.1.*,!=3.2.*,!=3.3.*,!=3.4.*,!=3.5.*,!=3.6.*,>=2.7"

[[package]]
name = "cryptography"
version = "42.0.5"
description = "cryptography is a package which provides cryptographic recipes and primitives to Python developers."
category = "main"
optional = false
python-versions = ">=3.7"

[package.dependencies]
cffi = {version = ">=1.12", markers = "platform_python_implementation != \"PyPy\""}

[package.extras]
docs = ["sphinx (>=5.3.0)", "sphinx-rtd-theme (>=1.1.1)"]
docstest = ["pyenchant (>=1.6.11)", "readme-renderer", "sphinxcontrib-spelling (>=4.0.1)"]
nox = ["nox"]
pep8test = ["ruff", "mypy", "check-sdist", "click"]
sdist = ["build"]
ssh = ["bcrypt (>=3.1.5)"]
test = ["pytest (>=6.2.0)", "pytest-benchmark", "pytest-cov", "pytest-xdist", "pretend", "certifi"]
test-randomorder = ["pytest-randomly"]

[[package]]
name = "dbt-core"
version = "1.7.11"
description = "With dbt, data analysts and engineers can build analytics the way engineers build applications."
category = "main"
optional = false
python-versions = ">=3.8"

[package.dependencies]
agate = ">=1.7.0,<1.8.0"
cffi = ">=1.9,<2.0.0"
click = ">=8.0.2,<9"
colorama = ">=0.3.9,<0.5"
dbt-extractor = ">=0.5.0,<0.6.0"
dbt-semantic-interfaces = ">=0.4.2,<0.5.0"
idna = ">=2.5,<4"
isodate = ">=0.6,<0.7"
Jinja2 = ">=3.1.3,<4"
jsonschema = ">=3.0"
logbook = ">=1.5,<1.6"
mashumaro = {version = ">=3.9,<4.0", extras = ["msgpack"]}
minimal-snowplow-tracker = ">=0.0.2,<0.1.0"
networkx = ">=2.3,<4"
packaging = ">20.9"
pathspec = ">=0.9,<0.12"
protobuf = ">=4.0.0,<5"
pytz = ">=2015.7"
pyyaml = ">=6.0"
requests = "<3.0.0"
sqlparse = ">=0.2.3,<0.5"
typing-extensions = ">=3.7.4"
urllib3 = ">=1.0,<2.0"

[[package]]
name = "dbt-extractor"
version = "0.5.1"
description = "A tool to analyze and extract information from Jinja used in dbt projects."
category = "main"
optional = false
python-versions = ">=3.6.1"

[[package]]
name = "dbt-semantic-interfaces"
version = "0.4.4"
description = "The shared semantic layer definitions that dbt-core and MetricFlow use"
category = "main"
optional = false
python-versions = ">=3.8"

[package.dependencies]
click = ">=7.0,<9.0"
importlib-metadata = ">=6.0,<7.0"
jinja2 = ">=3.0,<4.0"
jsonschema = ">=4.0,<5.0"
more-itertools = ">=8.0,<11.0"
pydantic = ">=1.10,<3"
python-dateutil = ">=2.0,<3.0"
pyyaml = ">=6.0,<7.0"
typing-extensions = ">=4.4,<5.0"

[[package]]
name = "dbt-snowflake"
version = "1.7.1"
description = "The Snowflake adapter plugin for dbt"
category = "main"
optional = false
python-versions = ">=3.8"

[package.dependencies]
agate = "*"
dbt-core = ">=1.7.0,<1.8.0"
snowflake-connector-python = {version = ">=3.0,<4.0", extras = ["secure-local-storage"]}

[[package]]
name = "filelock"
version = "3.13.4"
description = "A platform independent file lock."
category = "main"
optional = false
python-versions = ">=3.8"

[package.extras]
docs = ["furo (>=2023.9.10)", "sphinx-autodoc-typehints (>=1.25.2)", "sphinx (>=7.2.6)"]
testing = ["covdefaults (>=2.3)", "coverage (>=7.3.2)", "diff-cover (>=8.0.1)", "pytest-cov (>=4.1)", "pytest-mock (>=3.12)", "pytest-timeout (>=2.2)", "pytest (>=7.4.3)"]
typing = ["typing-extensions (>=4.8)"]

[[package]]
name = "idna"
version = "3.6"
description = "Internationalized Domain Names in Applications (IDNA)"
category = "main"
optional = false
python-versions = ">=3.5"

[[package]]
name = "importlib-metadata"
version = "6.11.0"
description = "Read metadata from Python packages"
category = "main"
optional = false
python-versions = ">=3.8"

[package.dependencies]
zipp = ">=0.5"

[package.extras]
docs = ["sphinx (>=3.5)", "sphinx (<7.2.5)", "jaraco.packaging (>=9.3)", "rst.linker (>=1.9)", "furo", "sphinx-lint", "jaraco.tidelift (>=1.4)"]
perf = ["ipython"]
testing = ["pytest (>=6)", "pytest-checkdocs (>=2.4)", "pytest-cov", "pytest-enabler (>=2.2)", "pytest-ruff", "packaging", "pyfakefs", "flufl.flake8", "pytest-perf (>=0.9.2)", "pytest-black (>=0.3.7)", "pytest-mypy (>=0.9.1)", "importlib-resources (>=1.3)"]

[[package]]
name = "isodate"
version = "0.6.1"
description = "An ISO 8601 date/time/duration parser and formatter"
category = "main"
optional = false
python-versions = "*"

[package.dependencies]
six = "*"

[[package]]
name = "jaraco.classes"
version = "3.4.0"
description = "Utility functions for Python class constructs"
category = "main"
optional = false
python-versions = ">=3.8"

[package.dependencies]
more-itertools = "*"

[package.extras]
docs = ["sphinx (>=3.5)", "jaraco.packaging (>=9.3)", "rst.linker (>=1.9)", "furo", "sphinx-lint", "jaraco.tidelift (>=1.4)"]
testing = ["pytest (>=6)", "pytest-checkdocs (>=2.4)", "pytest-cov", "pytest-mypy", "pytest-enabler (>=2.2)", "pytest-ruff (>=0.2.1)"]

[[package]]
name = "jeepney"
version = "0.8.0"
description = "Low-level, pure Python DBus protocol wrapper."
category = "main"
optional = false
python-versions = ">=3.7"

[package.extras]
test = ["pytest", "pytest-trio", "pytest-asyncio (>=0.17)", "testpath", "trio", "async-timeout"]
trio = ["trio", "async-generator"]

[[package]]
name = "jinja2"
version = "3.1.3"
description = "A very fast and expressive template engine."
category = "main"
optional = false
python-versions = ">=3.7"

[package.dependencies]
MarkupSafe = ">=2.0"

[package.extras]
i18n = ["Babel (>=2.7)"]

[[package]]
name = "jsonschema"
version = "4.21.1"
description = "An implementation of JSON Schema validation for Python"
category = "main"
optional = false
python-versions = ">=3.8"

[package.dependencies]
attrs = ">=22.2.0"
jsonschema-specifications = ">=2023.03.6"
referencing = ">=0.28.4"
rpds-py = ">=0.7.1"

[package.extras]
format = ["fqdn", "idna", "isoduration", "jsonpointer (>1.13)", "rfc3339-validator", "rfc3987", "uri-template", "webcolors (>=1.11)"]
format-nongpl = ["fqdn", "idna", "isoduration", "jsonpointer (>1.13)", "rfc3339-validator", "rfc3986-validator (>0.1.0)", "uri-template", "webcolors (>=1.11)"]

[[package]]
name = "jsonschema-specifications"
version = "2023.12.1"
description = "The JSON Schema meta-schemas and vocabularies, exposed as a Registry"
category = "main"
optional = false
python-versions = ">=3.8"

[package.dependencies]
referencing = ">=0.31.0"

[[package]]
name = "keyring"
version = "24.3.1"
description = "Store and access your passwords safely."
category = "main"
optional = false
python-versions = ">=3.8"

[package.dependencies]
importlib-metadata = {version = ">=4.11.4", markers = "python_version < \"3.12\""}
"jaraco.classes" = "*"
jeepney = {version = ">=0.4.2", markers = "sys_platform == \"linux\""}
pywin32-ctypes = {version = ">=0.2.0", markers = "sys_platform == \"win32\""}
SecretStorage = {version = ">=3.2", markers = "sys_platform == \"linux\""}

[package.extras]
completion = ["shtab (>=1.1.0)"]
docs = ["sphinx (>=3.5)", "sphinx (<7.2.5)", "jaraco.packaging (>=9.3)", "rst.linker (>=1.9)", "furo", "sphinx-lint", "jaraco.tidelift (>=1.4)"]
testing = ["pytest (>=6)", "pytest-checkdocs (>=2.4)", "pytest-cov", "pytest-enabler (>=2.2)", "pytest-ruff (>=0.2.1)", "pytest-mypy"]

[[package]]
name = "leather"
version = "0.4.0"
description = "Python charting for 80% of humans."
category = "main"
optional = false
python-versions = "*"

[package.extras]
test = ["pytest", "pytest-cov", "lxml (>=3.6.0)", "cssselect (>=0.9.1)"]

[[package]]
name = "logbook"
version = "1.5.3"
description = "A logging replacement for Python"
category = "main"
optional = false
python-versions = "*"

[package.extras]
all = ["redis", "brotli", "pytest (>4.0)", "execnet (>=1.0.9)", "cython", "pyzmq", "pytest-cov (>=2.6)", "sqlalchemy", "jinja2"]
compression = ["brotli"]
dev = ["pytest-cov (>=2.6)", "pytest (>4.0)", "cython"]
execnet = ["execnet (>=1.0.9)"]
jinja = ["jinja2"]
redis = ["redis"]
sqlalchemy = ["sqlalchemy"]
test = ["pytest-cov (>=2.6)", "pytest (>4.0)"]
zmq = ["pyzmq"]

[[package]]
name = "markupsafe"
version = "2.1.5"
description = "Safely add untrusted strings to HTML/XML markup."
category = "main"
optional = false
python-versions = ">=3.7"

[[package]]
name = "mashumaro"
version = "3.12"
description = "Fast and well tested serialization library"
category = "main"
optional = false
python-versions = ">=3.8"

[package.dependencies]
msgpack = {version = ">=0.5.6", optional = true, markers = "extra == \"msgpack\""}
typing-extensions = ">=4.1.0"

[package.extras]
msgpack = ["msgpack (>=0.5.6)"]
orjson = ["orjson"]
toml = ["tomli-w (>=1.0)", "tomli (>=1.1.0)"]
yaml = ["pyyaml (>=3.13)"]

[[package]]
name = "minimal-snowplow-tracker"
version = "0.0.2"
description = "A minimal snowplow event tracker for Python. Add analytics to your Python and Django apps, webapps and games"
category = "main"
optional = false
python-versions = "*"

[package.dependencies]
requests = ">=2.2.1,<3.0"
six = ">=1.9.0,<2.0"

[[package]]
name = "more-itertools"
version = "10.2.0"
description = "More routines for operating on iterables, beyond itertools"
category = "main"
optional = false
python-versions = ">=3.8"

[[package]]
name = "msgpack"
version = "1.0.8"
description = "MessagePack serializer"
category = "main"
optional = false
python-versions = ">=3.8"

[[package]]
name = "networkx"
version = "3.3"
description = "Python package for creating and manipulating graphs and networks"
category = "main"
optional = false
python-versions = ">=3.10"

[package.extras]
default = ["numpy (>=1.23)", "scipy (>=1.9,!=1.11.0,!=1.11.1)", "matplotlib (>=3.6)", "pandas (>=1.4)"]
developer = ["changelist (==0.5)", "pre-commit (>=3.2)", "mypy (>=1.1)", "rtoml"]
doc = ["sphinx (>=7)", "pydata-sphinx-theme (>=0.14)", "sphinx-gallery (>=0.14)", "numpydoc (>=1.7)", "pillow (>=9.4)", "texext (>=0.6.7)", "myst-nb (>=1.0)"]
extra = ["lxml (>=4.6)", "pygraphviz (>=1.12)", "pydot (>=2.0)", "sympy (>=1.10)"]
test = ["pytest (>=7.2)", "pytest-cov (>=4.0)"]

[[package]]
name = "packaging"
version = "24.0"
description = "Core utilities for Python packages"
category = "main"
optional = false
python-versions = ">=3.7"

[[package]]
name = "parsedatetime"
version = "2.6"
description = "Parse human-readable date/time text."
category = "main"
optional = false
python-versions = "*"

[[package]]
name = "pathspec"
version = "0.11.2"
description = "Utility library for gitignore style pattern matching of file paths."
category = "main"
optional = false
python-versions = ">=3.7"

[[package]]
name = "platformdirs"
version = "4.2.0"
description = "A small Python package for determining appropriate platform-specific dirs, e.g. a \"user data dir\"."
category = "main"
optional = false
python-versions = ">=3.8"

[package.extras]
docs = ["furo (>=2023.9.10)", "proselint (>=0.13)", "sphinx-autodoc-typehints (>=1.25.2)", "sphinx (>=7.2.6)"]
test = ["appdirs (==1.4.4)", "covdefaults (>=2.3)", "pytest-cov (>=4.1)", "pytest-mock (>=3.12)", "pytest (>=7.4.3)"]

[[package]]
name = "protobuf"
version = "4.25.3"
description = ""
category = "main"
optional = false
python-versions = ">=3.8"

[[package]]
name = "pycparser"
version = "2.22"
description = "C parser in Python"
category = "main"
optional = false
python-versions = ">=3.8"

[[package]]
name = "pydantic"
version = "2.6.4"
description = "Data validation using Python type hints"
category = "main"
optional = false
python-versions = ">=3.8"

[package.dependencies]
annotated-types = ">=0.4.0"
pydantic-core = "2.16.3"
typing-extensions = ">=4.6.1"

[package.extras]
email = ["email-validator (>=2.0.0)"]

[[package]]
name = "pydantic-core"
version = "2.16.3"
description = ""
category = "main"
optional = false
python-versions = ">=3.8"

[package.dependencies]
typing-extensions = ">=4.6.0,<4.7.0 || >4.7.0"

[[package]]
name = "pyjwt"
version = "2.8.0"
description = "JSON Web Token implementation in Python"
category = "main"
optional = false
python-versions = ">=3.7"

[package.extras]
crypto = ["cryptography (>=3.4.0)"]
dev = ["sphinx (>=4.5.0,<5.0.0)", "sphinx-rtd-theme", "zope.interface", "cryptography (>=3.4.0)", "pytest (>=6.0.0,<7.0.0)", "coverage[toml] (==5.0.4)", "pre-commit"]
docs = ["sphinx (>=4.5.0,<5.0.0)", "sphinx-rtd-theme", "zope.interface"]
tests = ["pytest (>=6.0.0,<7.0.0)", "coverage[toml] (==5.0.4)"]

[[package]]
name = "pyopenssl"
version = "24.1.0"
description = "Python wrapper module around the OpenSSL library"
category = "main"
optional = false
python-versions = ">=3.7"

[package.dependencies]
cryptography = ">=41.0.5,<43"

[package.extras]
docs = ["sphinx (!=5.2.0,!=5.2.0.post0,!=7.2.5)", "sphinx-rtd-theme"]
test = ["pytest-rerunfailures", "pretend", "pytest (>=3.0.1)"]

[[package]]
name = "python-dateutil"
version = "2.9.0.post0"
description = "Extensions to the standard Python datetime module"
category = "main"
optional = false
python-versions = "!=3.0.*,!=3.1.*,!=3.2.*,>=2.7"

[package.dependencies]
six = ">=1.5"

[[package]]
name = "python-slugify"
version = "8.0.4"
description = "A Python slugify application that also handles Unicode"
category = "main"
optional = false
python-versions = ">=3.7"

[package.dependencies]
text-unidecode = ">=1.3"

[package.extras]
unidecode = ["Unidecode (>=1.1.1)"]

[[package]]
name = "pytimeparse"
version = "1.1.8"
description = "Time expression parser"
category = "main"
optional = false
python-versions = "*"

[[package]]
name = "pytz"
version = "2024.1"
description = "World timezone definitions, modern and historical"
category = "main"
optional = false
python-versions = "*"

[[package]]
name = "pywin32-ctypes"
version = "0.2.2"
description = "A (partial) reimplementation of pywin32 using ctypes/cffi"
category = "main"
optional = false
python-versions = ">=3.6"

[[package]]
name = "pyyaml"
version = "6.0.1"
description = "YAML parser and emitter for Python"
category = "main"
optional = false
python-versions = ">=3.6"

[[package]]
name = "referencing"
version = "0.34.0"
description = "JSON Referencing + Python"
category = "main"
optional = false
python-versions = ">=3.8"

[package.dependencies]
attrs = ">=22.2.0"
rpds-py = ">=0.7.0"

[[package]]
name = "requests"
version = "2.31.0"
description = "Python HTTP for Humans."
category = "main"
optional = false
python-versions = ">=3.7"

[package.dependencies]
certifi = ">=2017.4.17"
charset-normalizer = ">=2,<4"
idna = ">=2.5,<4"
urllib3 = ">=1.21.1,<3"

[package.extras]
socks = ["PySocks (>=1.5.6,!=1.5.7)"]
use_chardet_on_py3 = ["chardet (>=3.0.2,<6)"]

[[package]]
name = "rpds-py"
version = "0.18.0"
description = "Python bindings to Rust's persistent data structures (rpds)"
category = "main"
optional = false
python-versions = ">=3.8"

[[package]]
name = "secretstorage"
version = "3.3.3"
description = "Python bindings to FreeDesktop.org Secret Service API"
category = "main"
optional = false
python-versions = ">=3.6"

[package.dependencies]
cryptography = ">=2.0"
jeepney = ">=0.6"

[[package]]
name = "six"
version = "1.16.0"
description = "Python 2 and 3 compatibility utilities"
category = "main"
optional = false
python-versions = ">=2.7, !=3.0.*, !=3.1.*, !=3.2.*"

[[package]]
name = "snowflake-connector-python"
version = "3.8.1"
description = "Snowflake Connector for Python"
category = "main"
optional = false
python-versions = ">=3.8"

[package.dependencies]
asn1crypto = ">0.24.0,<2.0.0"
certifi = ">=2017.4.17"
cffi = ">=1.9,<2.0.0"
charset-normalizer = ">=2,<4"
cryptography = ">=3.1.0,<43.0.0"
filelock = ">=3.5,<4"
idna = ">=2.5,<4"
keyring = {version = ">=23.1.0,<25.0.0", optional = true, markers = "extra == \"secure-local-storage\""}
packaging = "*"
platformdirs = ">=2.6.0,<5.0.0"
pyjwt = "<3.0.0"
pyOpenSSL = ">=16.2.0,<25.0.0"
pytz = "*"
requests = "<3.0.0"
sortedcontainers = ">=2.4.0"
tomlkit = "*"
typing-extensions = ">=4.3,<5"

[package.extras]
development = ["cython", "coverage", "more-itertools", "numpy (<1.27.0)", "pendulum (!=2.1.1)", "pexpect", "pytest (<7.5.0)", "pytest-cov", "pytest-rerunfailures", "pytest-timeout", "pytest-xdist", "pytzdata"]
pandas = ["pandas (>=1.0.0,<3.0.0)", "pyarrow"]
secure-local-storage = ["keyring (>=23.1.0,<25.0.0)"]

[[package]]
name = "sortedcontainers"
version = "2.4.0"
description = "Sorted Containers -- Sorted List, Sorted Dict, Sorted Set"
category = "main"
optional = false
python-versions = "*"

[[package]]
name = "sqlparse"
version = "0.4.4"
description = "A non-validating SQL parser."
category = "main"
optional = false
python-versions = ">=3.5"

[package.extras]
dev = ["flake8", "build"]
doc = ["sphinx"]
test = ["pytest", "pytest-cov"]

[[package]]
name = "text-unidecode"
version = "1.3"
description = "The most basic Text::Unidecode port"
category = "main"
optional = false
python-versions = "*"

[[package]]
name = "tomlkit"
version = "0.12.4"
description = "Style preserving TOML library"
category = "main"
optional = false
python-versions = ">=3.7"

[[package]]
name = "typing-extensions"
version = "4.11.0"
description = "Backported and Experimental Type Hints for Python 3.8+"
category = "main"
optional = false
python-versions = ">=3.8"

[[package]]
name = "urllib3"
version = "1.26.18"
description = "HTTP library with thread-safe connection pooling, file post, and more."
category = "main"
optional = false
python-versions = ">=2.7, !=3.0.*, !=3.1.*, !=3.2.*, !=3.3.*, !=3.4.*, !=3.5.*"

[package.extras]
brotli = ["brotlicffi (>=0.8.0)", "brotli (==1.0.9)", "brotlipy (>=0.6.0)", "brotli (>=1.0.9)"]
secure = ["pyOpenSSL (>=0.14)", "cryptography (>=1.3.4)", "idna (>=2.0.0)", "certifi", "urllib3-secure-extra", "ipaddress"]
socks = ["PySocks (>=1.5.6,!=1.5.7,<2.0)"]

[[package]]
name = "zipp"
version = "3.18.1"
description = "Backport of pathlib-compatible object wrapper for zip files"
category = "main"
optional = false
python-versions = ">=3.8"

[package.extras]
docs = ["sphinx (>=3.5)", "jaraco.packaging (>=9.3)", "rst.linker (>=1.9)", "furo", "sphinx-lint", "jaraco.tidelift (>=1.4)"]
testing = ["pytest (>=6)", "pytest-checkdocs (>=2.4)", "pytest-cov", "pytest-enabler (>=2.2)", "pytest-ruff (>=0.2.1)", "jaraco.itertools", "jaraco.functools", "more-itertools", "big-o", "pytest-ignore-flaky", "pytest-mypy"]

[metadata]
lock-version = "1.1"
python-versions = "^3.11"
content-hash = "fe82572f5bc98daa95b5aa692990f17e61a09be9c9bbd943d1895ad149b5d9cf"

[metadata.files]
agate = []
annotated-types = []
asn1crypto = []
attrs = []
babel = []
certifi = []
cffi = []
charset-normalizer = []
click = []
colorama = []
cryptography = []
dbt-core = []
dbt-extractor = []
dbt-semantic-interfaces = []
dbt-snowflake = []
filelock = []
idna = []
importlib-metadata = []
isodate = []
"jaraco.classes" = []
jeepney = []
jinja2 = []
jsonschema = []
jsonschema-specifications = []
keyring = []
leather = []
logbook = []
markupsafe = []
mashumaro = []
minimal-snowplow-tracker = []
more-itertools = []
msgpack = []
networkx = []
packaging = []
parsedatetime = []
pathspec = []
platformdirs = []
protobuf = []
pycparser = []
pydantic = []
pydantic-core = []
pyjwt = []
pyopenssl = []
python-dateutil = []
python-slugify = []
pytimeparse = []
pytz = []
pywin32-ctypes = []
pyyaml = []
referencing = []
requests = []
rpds-py = []
secretstorage = []
six = []
snowflake-connector-python = []
sortedcontainers = []
sqlparse = []
text-unidecode = []
tomlkit = []
typing-extensions = []
urllib3 = []
zipp = []
